
Microsoft Visual Studio Solution File, Format Version 12.00
# Visual Studio Version 17
VisualStudioVersion = 17.9.34728.123
MinimumVisualStudioVersion = 10.0.40219.1
Project("{6835E4D9-00B9-4E84-85E2-5E2892CF4D13}") = "OTP Bot", "OTP-Bot.csproj", "{A0B2B4B8-6A46-4434-AAD4-A168F703DAFE}"
EndProject
Global
	GlobalSection(SolutionConfigurationPlatforms) = preSolution
		Debug|Any CPU = Debug|Any CPU
		Release|Any CPU = Release|Any CPU
	EndGlobalSection
	GlobalSection(ProjectConfigurationPlatforms) = postSolution
		{A0B2B4B8-6A46-4434-AAD4-A168F703DAFE}.Debug|Any CPU.ActiveCfg = Debug|Any CPU
		{A0B2B4B8-6A46-4434-AAD4-A168F703DAFE}.Debug|Any CPU.Build.0 = Debug|Any CPU
		{A0B2B4B8-6A46-4434-AAD4-A168F703DAFE}.Release|Any CPU.ActiveCfg = Release|Any CPU
		{A0B2B4B8-6A46-4434-AAD4-A168F703DAFE}.Release|Any CPU.Build.0 = Release|Any CPU
	EndGlobalSection
	GlobalSection(SolutionProperties) = preSolution
		HideSolutionNode = FALSE
	EndGlobalSection
	GlobalSection(ExtensibilityGlobals) = postSolution
		SolutionGuid = {1F25EA7C-3019-4641-B38F-399BA5F10199}
	EndGlobalSection
EndGlobal
